
Microsoft Visual Studio Solution File, Format Version 12.00
# Visual Studio Version 17
VisualStudioVersion = 17.14.36221.1 d17.14
MinimumVisualStudioVersion = 10.0.40219.1
Project("{FAE04EC0-301F-11D3-BF4B-00C04F79EFBC}") = "MobControl_FYP", "MobControl_FYP\MobControl_FYP.csproj", "{E1CDE766-A8E5-4CC9-B110-F41B6DA06258}"
EndProject
Global
	GlobalSection(SolutionConfigurationPlatforms) = preSolution
		Debug|Any CPU = Debug|Any CPU
		Release|Any CPU = Release|Any CPU
	EndGlobalSection
	GlobalSection(ProjectConfigurationPlatforms) = postSolution
		{E1CDE766-A8E5-4CC9-B110-F41B6DA06258}.Debug|Any CPU.ActiveCfg = Debug|Any CPU
		{E1CDE766-A8E5-4CC9-B110-F41B6DA06258}.Debug|Any CPU.Build.0 = Debug|Any CPU
		{E1CDE766-A8E5-4CC9-B110-F41B6DA06258}.Release|Any CPU.ActiveCfg = Release|Any CPU
		{E1CDE766-A8E5-4CC9-B110-F41B6DA06258}.Release|Any CPU.Build.0 = Release|Any CPU
	EndGlobalSection
	GlobalSection(SolutionProperties) = preSolution
		HideSolutionNode = FALSE
	EndGlobalSection
	GlobalSection(ExtensibilityGlobals) = postSolution
		SolutionGuid = {0354A853-4A86-40C9-B6AF-B797FA48FF8F}
	EndGlobalSection
EndGlobal
